
Microsoft Visual Studio Solution File, Format Version 12.00
# Visual Studio Version 17
VisualStudioVersion = 17.1.32328.378
MinimumVisualStudioVersion = 10.0.40219.1
Project("{FAE04EC0-301F-11D3-BF4B-00C04F79EFBC}") = "CSharp.LabExercise1", "CSharp.LabExercise1.csproj", "{9160D546-2730-42FF-9F20-C9F87E385C96}"
EndProject
Global
	GlobalSection(SolutionConfigurationPlatforms) = preSolution
		Debug|Any CPU = Debug|Any CPU
		Release|Any CPU = Release|Any CPU
	EndGlobalSection
	GlobalSection(ProjectConfigurationPlatforms) = postSolution
		{9160D546-2730-42FF-9F20-C9F87E385C96}.Debug|Any CPU.ActiveCfg = Debug|Any CPU
		{9160D546-2730-42FF-9F20-C9F87E385C96}.Debug|Any CPU.Build.0 = Debug|Any CPU
		{9160D546-2730-42FF-9F20-C9F87E385C96}.Release|Any CPU.ActiveCfg = Release|Any CPU
		{9160D546-2730-42FF-9F20-C9F87E385C96}.Release|Any CPU.Build.0 = Release|Any CPU
	EndGlobalSection
	GlobalSection(SolutionProperties) = preSolution
		HideSolutionNode = FALSE
	EndGlobalSection
	GlobalSection(ExtensibilityGlobals) = postSolution
		SolutionGuid = {4A0A4295-C136-4BD1-9328-643A0D6CCF4F}
	EndGlobalSection
EndGlobal
